// !$*UTF8*$!
{
	archiveVersion = 1;
	classes = {
	};
	objectVersion = 48;
	objects = {

/* Begin PBXBuildFile section */
		A90B00AE1FCE4C92003F1B08 /* AudioAcquisitionVC.m in Sources */ = {isa = PBXBuildFile; fileRef = A90B00AD1FCE4C92003F1B08 /* AudioAcquisitionVC.m */; };
		A90B00B11FCE4CAC003F1B08 /* VideoAcquisitionVC.m in Sources */ = {isa = PBXBuildFile; fileRef = A90B00B01FCE4CAC003F1B08 /* VideoAcquisitionVC.m */; };
		A952E4A21FCD5D0F00E9A0D3 /* AppDelegate.m in Sources */ = {isa = PBXBuildFile; fileRef = A952E4A11FCD5D0F00E9A0D3 /* AppDelegate.m */; };
		A952E4A51FCD5D0F00E9A0D3 /* ViewController.m in Sources */ = {isa = PBXBuildFile; fileRef = A952E4A41FCD5D0F00E9A0D3 /* ViewController.m */; };
		A952E4AA1FCD5D0F00E9A0D3 /* Assets.xcassets in Resources */ = {isa = PBXBuildFile; fileRef = A952E4A91FCD5D0F00E9A0D3 /* Assets.xcassets */; };
		A952E4AD1FCD5D0F00E9A0D3 /* LaunchScreen.storyboard in Resources */ = {isa = PBXBuildFile; fileRef = A952E4AB1FCD5D0F00E9A0D3 /* LaunchScreen.storyboard */; };
		A952E4B01FCD5D0F00E9A0D3 /* main.m in Sources */ = {isa = PBXBuildFile; fileRef = A952E4AF1FCD5D0F00E9A0D3 /* main.m */; };
		A952E4BA1FCD643F00E9A0D3 /* Test.m in Sources */ = {isa = PBXBuildFile; fileRef = A952E4B91FCD643F00E9A0D3 /* Test.m */; };
/* End PBXBuildFile section */

/* Begin PBXFileReference section */
		A90B00AC1FCE4C92003F1B08 /* AudioAcquisitionVC.h */ = {isa = PBXFileReference; lastKnownFileType = sourcecode.c.h; path = AudioAcquisitionVC.h; sourceTree = "<group>"; };
		A90B00AD1FCE4C92003F1B08 /* AudioAcquisitionVC.m */ = {isa = PBXFileReference; lastKnownFileType = sourcecode.c.objc; path = AudioAcquisitionVC.m; sourceTree = "<group>"; };
		A90B00AF1FCE4CAC003F1B08 /* VideoAcquisitionVC.h */ = {isa = PBXFileReference; lastKnownFileType = sourcecode.c.h; path = VideoAcquisitionVC.h; sourceTree = "<group>"; };
		A90B00B01FCE4CAC003F1B08 /* VideoAcquisitionVC.m */ = {isa = PBXFileReference; lastKnownFileType = sourcecode.c.objc; path = VideoAcquisitionVC.m; sourceTree = "<group>"; };
		A952E49D1FCD5D0F00E9A0D3 /* LVAudioAndVideo.app */ = {isa = PBXFileReference; explicitFileType = wrapper.application; includeInIndex = 0; path = LVAudioAndVideo.app; sourceTree = BUILT_PRODUCTS_DIR; };
		A952E4A01FCD5D0F00E9A0D3 /* AppDelegate.h */ = {isa = PBXFileReference; lastKnownFileType = sourcecode.c.h; path = AppDelegate.h; sourceTree = "<group>"; };
		A952E4A11FCD5D0F00E9A0D3 /* AppDelegate.m */ = {isa = PBXFileReference; lastKnownFileType = sourcecode.c.objc; path = AppDelegate.m; sourceTree = "<group>"; };
		A952E4A31FCD5D0F00E9A0D3 /* ViewController.h */ = {isa = PBXFileReference; lastKnownFileType = sourcecode.c.h; path = ViewController.h; sourceTree = "<group>"; };
		A952E4A41FCD5D0F00E9A0D3 /* ViewController.m */ = {isa = PBXFileReference; lastKnownFileType = sourcecode.c.objc; path = ViewController.m; sourceTree = "<group>"; };
		A952E4A91FCD5D0F00E9A0D3 /* Assets.xcassets */ = {isa = PBXFileReference; lastKnownFileType = folder.assetcatalog; path = Assets.xcassets; sourceTree = "<group>"; };
		A952E4AC1FCD5D0F00E9A0D3 /* Base */ = {isa = PBXFileReference; lastKnownFileType = file.storyboard; name = Base; path = Base.lproj/LaunchScreen.storyboard; sourceTree = "<group>"; };
		A952E4AE1FCD5D0F00E9A0D3 /* Info.plist */ = {isa = PBXFileReference; lastKnownFileType = text.plist.xml; path = Info.plist; sourceTree = "<group>"; };
		A952E4AF1FCD5D0F00E9A0D3 /* main.m */ = {isa = PBXFileReference; lastKnownFileType = sourcecode.c.objc; path = main.m; sourceTree = "<group>"; };
		A952E4B71FCD629800E9A0D3 /* LVAudioAndVideo.h */ = {isa = PBXFileReference; lastKnownFileType = sourcecode.c.h; path = LVAudioAndVideo.h; sourceTree = "<group>"; };
		A952E4B81FCD643F00E9A0D3 /* Test.h */ = {isa = PBXFileReference; lastKnownFileType = sourcecode.c.h; path = Test.h; sourceTree = "<group>"; };
		A952E4B91FCD643F00E9A0D3 /* Test.m */ = {isa = PBXFileReference; lastKnownFileType = sourcecode.c.objc; path = Test.m; sourceTree = "<group>"; };
/* End PBXFileReference section */

/* Begin PBXFrameworksBuildPhase section */
		A952E49A1FCD5D0F00E9A0D3 /* Frameworks */ = {
			isa = PBXFrameworksBuildPhase;
			buildActionMask = 2147483647;
			files = (
			);
			runOnlyForDeploymentPostprocessing = 0;
		};
/* End PBXFrameworksBuildPhase section */

/* Begin PBXGroup section */
		A90B00A71FCE4B7A003F1B08 /* Acquisition */ = {
			isa = PBXGroup;
			children = (
				A90B00AC1FCE4C92003F1B08 /* AudioAcquisitionVC.h */,
				A90B00AD1FCE4C92003F1B08 /* AudioAcquisitionVC.m */,
				A90B00AF1FCE4CAC003F1B08 /* VideoAcquisitionVC.h */,
				A90B00B01FCE4CAC003F1B08 /* VideoAcquisitionVC.m */,
			);
			path = Acquisition;
			sourceTree = "<group>";
		};
		A90B00A81FCE4BA9003F1B08 /* Encode */ = {
			isa = PBXGroup;
			children = (
			);
			path = Encode;
			sourceTree = "<group>";
		};
		A90B00A91FCE4BB3003F1B08 /* Decode */ = {
			isa = PBXGroup;
			children = (
			);
			path = Decode;
			sourceTree = "<group>";
		};
		A90B00AA1FCE4BC9003F1B08 /* Transfer */ = {
			isa = PBXGroup;
			children = (
			);
			path = Transfer;
			sourceTree = "<group>";
		};
		A90B00AB1FCE4BDC003F1B08 /* Render */ = {
			isa = PBXGroup;
			children = (
			);
			path = Render;
			sourceTree = "<group>";
		};
		A952E4941FCD5D0F00E9A0D3 = {
			isa = PBXGroup;
			children = (
				A952E4B61FCD627100E9A0D3 /* Class */,
				A952E49F1FCD5D0F00E9A0D3 /* LVAudioAndVideo */,
				A952E49E1FCD5D0F00E9A0D3 /* Products */,
			);
			sourceTree = "<group>";
		};
		A952E49E1FCD5D0F00E9A0D3 /* Products */ = {
			isa = PBXGroup;
			children = (
				A952E49D1FCD5D0F00E9A0D3 /* LVAudioAndVideo.app */,
			);
			name = Products;
			sourceTree = "<group>";
		};
		A952E49F1FCD5D0F00E9A0D3 /* LVAudioAndVideo */ = {
			isa = PBXGroup;
			children = (
				A952E4A01FCD5D0F00E9A0D3 /* AppDelegate.h */,
				A952E4A11FCD5D0F00E9A0D3 /* AppDelegate.m */,
				A952E4A31FCD5D0F00E9A0D3 /* ViewController.h */,
				A952E4A41FCD5D0F00E9A0D3 /* ViewController.m */,
				A952E4A91FCD5D0F00E9A0D3 /* Assets.xcassets */,
				A952E4AB1FCD5D0F00E9A0D3 /* LaunchScreen.storyboard */,
				A952E4AE1FCD5D0F00E9A0D3 /* Info.plist */,
				A952E4AF1FCD5D0F00E9A0D3 /* main.m */,
			);
			path = LVAudioAndVideo;
			sourceTree = "<group>";
		};
		A952E4B61FCD627100E9A0D3 /* Class */ = {
			isa = PBXGroup;
			children = (
				A952E4B71FCD629800E9A0D3 /* LVAudioAndVideo.h */,
				A90B00AB1FCE4BDC003F1B08 /* Render */,
				A90B00AA1FCE4BC9003F1B08 /* Transfer */,
				A90B00A91FCE4BB3003F1B08 /* Decode */,
				A90B00A81FCE4BA9003F1B08 /* Encode */,
				A90B00A71FCE4B7A003F1B08 /* Acquisition */,
				A952E4B81FCD643F00E9A0D3 /* Test.h */,
				A952E4B91FCD643F00E9A0D3 /* Test.m */,
			);
			path = Class;
			sourceTree = "<group>";
		};
/* End PBXGroup section */

/* Begin PBXNativeTarget section */
		A952E49C1FCD5D0F00E9A0D3 /* LVAudioAndVideo */ = {
			isa = PBXNativeTarget;
			buildConfigurationList = A952E4B31FCD5D0F00E9A0D3 /* Build configuration list for PBXNativeTarget "LVAudioAndVideo" */;
			buildPhases = (
				A952E4991FCD5D0F00E9A0D3 /* Sources */,
				A952E49A1FCD5D0F00E9A0D3 /* Frameworks */,
				A952E49B1FCD5D0F00E9A0D3 /* Resources */,
			);
			buildRules = (
			);
			dependencies = (
			);
			name = LVAudioAndVideo;
			productName = LVAudioAndVideo;
			productReference = A952E49D1FCD5D0F00E9A0D3 /* LVAudioAndVideo.app */;
			productType = "com.apple.product-type.application";
		};
/* End PBXNativeTarget section */

/* Begin PBXProject section */
		A952E4951FCD5D0F00E9A0D3 /* Project object */ = {
			isa = PBXProject;
			attributes = {
				LastUpgradeCheck = 0910;
				ORGANIZATIONNAME = LV;
				TargetAttributes = {
					A952E49C1FCD5D0F00E9A0D3 = {
						CreatedOnToolsVersion = 9.1;
						ProvisioningStyle = Automatic;
					};
				};
			};
			buildConfigurationList = A952E4981FCD5D0F00E9A0D3 /* Build configuration list for PBXProject "LVAudioAndVideo" */;
			compatibilityVersion = "Xcode 8.0";
			developmentRegion = en;
			hasScannedForEncodings = 0;
			knownRegions = (
				en,
				Base,
			);
			mainGroup = A952E4941FCD5D0F00E9A0D3;
			productRefGroup = A952E49E1FCD5D0F00E9A0D3 /* Products */;
			projectDirPath = "";
			projectRoot = "";
			targets = (
				A952E49C1FCD5D0F00E9A0D3 /* LVAudioAndVideo */,
			);
		};
/* End PBXProject section */

/* Begin PBXResourcesBuildPhase section */
		A952E49B1FCD5D0F00E9A0D3 /* Resources */ = {
			isa = PBXResourcesBuildPhase;
			buildActionMask = 2147483647;
			files = (
				A952E4AD1FCD5D0F00E9A0D3 /* LaunchScreen.storyboard in Resources */,
				A952E4AA1FCD5D0F00E9A0D3 /* Assets.xcassets in Resources */,
			);
			runOnlyForDeploymentPostprocessing = 0;
		};
/* End PBXResourcesBuildPhase section */

/* Begin PBXSourcesBuildPhase section */
		A952E4991FCD5D0F00E9A0D3 /* Sources */ = {
			isa = PBXSourcesBuildPhase;
			buildActionMask = 2147483647;
			files = (
				A90B00AE1FCE4C92003F1B08 /* AudioAcquisitionVC.m in Sources */,
				A952E4A51FCD5D0F00E9A0D3 /* ViewController.m in Sources */,
				A952E4BA1FCD643F00E9A0D3 /* Test.m in Sources */,
				A952E4B01FCD5D0F00E9A0D3 /* main.m in Sources */,
				A90B00B11FCE4CAC003F1B08 /* VideoAcquisitionVC.m in Sources */,
				A952E4A21FCD5D0F00E9A0D3 /* AppDelegate.m in Sources */,
			);
			runOnlyForDeploymentPostprocessing = 0;
		};
/* End PBXSourcesBuildPhase section */

/* Begin PBXVariantGroup section */
		A952E4AB1FCD5D0F00E9A0D3 /* LaunchScreen.storyboard */ = {
			isa = PBXVariantGroup;
			children = (
				A952E4AC1FCD5D0F00E9A0D3 /* Base */,
			);
			name = LaunchScreen.storyboard;
			sourceTree = "<group>";
		};
/* End PBXVariantGroup section */

/* Begin XCBuildConfiguration section */
		A952E4B11FCD5D0F00E9A0D3 /* Debug */ = {
			isa = XCBuildConfiguration;
			buildSettings = {
				ALWAYS_SEARCH_USER_PATHS = NO;
				CLANG_ANALYZER_NONNULL = YES;
				CLANG_ANALYZER_NUMBER_OBJECT_CONVERSION = YES_AGGRESSIVE;
				CLANG_CXX_LANGUAGE_STANDARD = "gnu++14";
				CLANG_CXX_LIBRARY = "libc++";
				CLANG_ENABLE_MODULES = YES;
				CLANG_ENABLE_OBJC_ARC = YES;
				CLANG_WARN_BLOCK_CAPTURE_AUTORELEASING = YES;
				CLANG_WARN_BOOL_CONVERSION = YES;
				CLANG_WARN_COMMA = YES;
				CLANG_WARN_CONSTANT_CONVERSION = YES;
				CLANG_WARN_DIRECT_OBJC_ISA_USAGE = YES_ERROR;
				CLANG_WARN_DOCUMENTATION_COMMENTS = YES;
				CLANG_WARN_EMPTY_BODY = YES;
				CLANG_WARN_ENUM_CONVERSION = YES;
				CLANG_WARN_INFINITE_RECURSION = YES;
				CLANG_WARN_INT_CONVERSION = YES;
				CLANG_WARN_NON_LITERAL_NULL_CONVERSION = YES;
				CLANG_WARN_OBJC_LITERAL_CONVERSION = YES;
				CLANG_WARN_OBJC_ROOT_CLASS = YES_ERROR;
				CLANG_WARN_RANGE_LOOP_ANALYSIS = YES;
				CLANG_WARN_STRICT_PROTOTYPES = YES;
				CLANG_WARN_SUSPICIOUS_MOVE = YES;
				CLANG_WARN_UNGUARDED_AVAILABILITY = YES_AGGRESSIVE;
				CLANG_WARN_UNREACHABLE_CODE = YES;
				CLANG_WARN__DUPLICATE_METHOD_MATCH = YES;
				CODE_SIGN_IDENTITY = "iPhone Developer";
				COPY_PHASE_STRIP = NO;
				DEBUG_INFORMATION_FORMAT = dwarf;
				ENABLE_STRICT_OBJC_MSGSEND = YES;
				ENABLE_TESTABILITY = YES;
				GCC_C_LANGUAGE_STANDARD = gnu11;
				GCC_DYNAMIC_NO_PIC = NO;
				GCC_NO_COMMON_BLOCKS = YES;
				GCC_OPTIMIZATION_LEVEL = 0;
				GCC_PREPROCESSOR_DEFINITIONS = (
					"DEBUG=1",
					"$(inherited)",
				);
				GCC_WARN_64_TO_32_BIT_CONVERSION = YES;
				GCC_WARN_ABOUT_RETURN_TYPE = YES_ERROR;
				GCC_WARN_UNDECLARED_SELECTOR = YES;
				GCC_WARN_UNINITIALIZED_AUTOS = YES_AGGRESSIVE;
				GCC_WARN_UNUSED_FUNCTION = YES;
				GCC_WARN_UNUSED_VARIABLE = YES;
				IPHONEOS_DEPLOYMENT_TARGET = 11.1;
				MTL_ENABLE_DEBUG_INFO = YES;
				ONLY_ACTIVE_ARCH = YES;
				SDKROOT = iphoneos;
			};
			name = Debug;
		};
		A952E4B21FCD5D0F00E9A0D3 /* Release */ = {
			isa = XCBuildConfiguration;
			buildSettings = {
				ALWAYS_SEARCH_USER_PATHS = NO;
				CLANG_ANALYZER_NONNULL = YES;
				CLANG_ANALYZER_NUMBER_OBJECT_CONVERSION = YES_AGGRESSIVE;
				CLANG_CXX_LANGUAGE_STANDARD = "gnu++14";
				CLANG_CXX_LIBRARY = "libc++";
				CLANG_ENABLE_MODULES = YES;
				CLANG_ENABLE_OBJC_ARC = YES;
				CLANG_WARN_BLOCK_CAPTURE_AUTORELEASING = YES;
				CLANG_WARN_BOOL_CONVERSION = YES;
				CLANG_WARN_COMMA = YES;
				CLANG_WARN_CONSTANT_CONVERSION = YES;
				CLANG_WARN_DIRECT_OBJC_ISA_USAGE = YES_ERROR;
				CLANG_WARN_DOCUMENTATION_COMMENTS = YES;
				CLANG_WARN_EMPTY_BODY = YES;
				CLANG_WARN_ENUM_CONVERSION = YES;
				CLANG_WARN_INFINITE_RECURSION = YES;
				CLANG_WARN_INT_CONVERSION = YES;
				CLANG_WARN_NON_LITERAL_NULL_CONVERSION = YES;
				CLANG_WARN_OBJC_LITERAL_CONVERSION = YES;
				CLANG_WARN_OBJC_ROOT_CLASS = YES_ERROR;
				CLANG_WARN_RANGE_LOOP_ANALYSIS = YES;
				CLANG_WARN_STRICT_PROTOTYPES = YES;
				CLANG_WARN_SUSPICIOUS_MOVE = YES;
				CLANG_WARN_UNGUARDED_AVAILABILITY = YES_AGGRESSIVE;
				CLANG_WARN_UNREACHABLE_CODE = YES;
				CLANG_WARN__DUPLICATE_METHOD_MATCH = YES;
				CODE_SIGN_IDENTITY = "iPhone Developer";
				COPY_PHASE_STRIP = NO;
				DEBUG_INFORMATION_FORMAT = "dwarf-with-dsym";
				ENABLE_NS_ASSERTIONS = NO;
				ENABLE_STRICT_OBJC_MSGSEND = YES;
				GCC_C_LANGUAGE_STANDARD = gnu11;
				GCC_NO_COMMON_BLOCKS = YES;
				GCC_WARN_64_TO_32_BIT_CONVERSION = YES;
				GCC_WARN_ABOUT_RETURN_TYPE = YES_ERROR;
				GCC_WARN_UNDECLARED_SELECTOR = YES;
				GCC_WARN_UNINITIALIZED_AUTOS = YES_AGGRESSIVE;
				GCC_WARN_UNUSED_FUNCTION = YES;
				GCC_WARN_UNUSED_VARIABLE = YES;
				IPHONEOS_DEPLOYMENT_TARGET = 11.1;
				MTL_ENABLE_DEBUG_INFO = NO;
				SDKROOT = iphoneos;
				VALIDATE_PRODUCT = YES;
			};
			name = Release;
		};
		A952E4B41FCD5D0F00E9A0D3 /* Debug */ = {
			isa = XCBuildConfiguration;
			buildSettings = {
				ASSETCATALOG_COMPILER_APPICON_NAME = AppIcon;
				CODE_SIGN_STYLE = Automatic;
				DEVELOPMENT_TEAM = T4654Y4Z9R;
				INFOPLIST_FILE = LVAudioAndVideo/Info.plist;
				IPHONEOS_DEPLOYMENT_TARGET = 8.0;
				LD_RUNPATH_SEARCH_PATHS = "$(inherited) @executable_path/Frameworks";
				PRODUCT_BUNDLE_IDENTIFIER = LV.LVAudioAndVideo;
				PRODUCT_NAME = "$(TARGET_NAME)";
				TARGETED_DEVICE_FAMILY = "1,2";
			};
			name = Debug;
		};
		A952E4B51FCD5D0F00E9A0D3 /* Release */ = {
			isa = XCBuildConfiguration;
			buildSettings = {
				ASSETCATALOG_COMPILER_APPICON_NAME = AppIcon;
				CODE_SIGN_STYLE = Automatic;
				DEVELOPMENT_TEAM = T4654Y4Z9R;
				INFOPLIST_FILE = LVAudioAndVideo/Info.plist;
				IPHONEOS_DEPLOYMENT_TARGET = 8.0;
				LD_RUNPATH_SEARCH_PATHS = "$(inherited) @executable_path/Frameworks";
				PRODUCT_BUNDLE_IDENTIFIER = LV.LVAudioAndVideo;
				PRODUCT_NAME = "$(TARGET_NAME)";
				TARGETED_DEVICE_FAMILY = "1,2";
			};
			name = Release;
		};
/* End XCBuildConfiguration section */

/* Begin XCConfigurationList section */
		A952E4981FCD5D0F00E9A0D3 /* Build configuration list for PBXProject "LVAudioAndVideo" */ = {
			isa = XCConfigurationList;
			buildConfigurations = (
				A952E4B11FCD5D0F00E9A0D3 /* Debug */,
				A952E4B21FCD5D0F00E9A0D3 /* Release */,
			);
			defaultConfigurationIsVisible = 0;
			defaultConfigurationName = Release;
		};
		A952E4B31FCD5D0F00E9A0D3 /* Build configuration list for PBXNativeTarget "LVAudioAndVideo" */ = {
			isa = XCConfigurationList;
			buildConfigurations = (
				A952E4B41FCD5D0F00E9A0D3 /* Debug */,
				A952E4B51FCD5D0F00E9A0D3 /* Release */,
			);
			defaultConfigurationIsVisible = 0;
			defaultConfigurationName = Release;
		};
/* End XCConfigurationList section */
	};
	rootObject = A952E4951FCD5D0F00E9A0D3 /* Project object */;
}
